// !$*UTF8*$!
{
	archiveVersion = 1;
	classes = {
	};
	objectVersion = 56;
	objects = {

/* Begin PBXBuildFile section */
		AF41A33A29D620BE000CC40A /* UserRecipe.swift in Sources */ = {isa = PBXBuildFile; fileRef = AF41A33929D620BE000CC40A /* UserRecipe.swift */; };
		AF41A33E29D632C5000CC40A /* SignInViewController.swift in Sources */ = {isa = PBXBuildFile; fileRef = AF41A33D29D632C5000CC40A /* SignInViewController.swift */; };
		AF41A34229D63300000CC40A /* SignUpViewController.swift in Sources */ = {isa = PBXBuildFile; fileRef = AF41A34129D63300000CC40A /* SignUpViewController.swift */; };
		AF41A34729D6338B000CC40A /* MealDBInstructionsViewController.swift in Sources */ = {isa = PBXBuildFile; fileRef = AF41A34629D6338B000CC40A /* MealDBInstructionsViewController.swift */; };
		AF41A35529D634E7000CC40A /* UserRecipeInstructionsViewController.swift in Sources */ = {isa = PBXBuildFile; fileRef = AF41A35429D634E7000CC40A /* UserRecipeInstructionsViewController.swift */; };
		AF41A35929D63513000CC40A /* CreateRecipeViewController.swift in Sources */ = {isa = PBXBuildFile; fileRef = AF41A35829D63513000CC40A /* CreateRecipeViewController.swift */; };
		AF41A35D29D63C4F000CC40A /* SignInViewModel.swift in Sources */ = {isa = PBXBuildFile; fileRef = AF41A35C29D63C4F000CC40A /* SignInViewModel.swift */; };
		AF41A35F29D63C5A000CC40A /* SignUpViewModel.swift in Sources */ = {isa = PBXBuildFile; fileRef = AF41A35E29D63C5A000CC40A /* SignUpViewModel.swift */; };
		AF41A36729D63CEC000CC40A /* UserRecipesViewModel.swift in Sources */ = {isa = PBXBuildFile; fileRef = AF41A36629D63CEC000CC40A /* UserRecipesViewModel.swift */; };
		AF41A36B29D63DED000CC40A /* MealDBViewModel.swift in Sources */ = {isa = PBXBuildFile; fileRef = AF41A36A29D63DED000CC40A /* MealDBViewModel.swift */; };
		AF41A36E29D63E41000CC40A /* CreateRecipeViewModel.swift in Sources */ = {isa = PBXBuildFile; fileRef = AF41A36D29D63E41000CC40A /* CreateRecipeViewModel.swift */; };
		AF41A37329D645B2000CC40A /* FirebaseAuth in Frameworks */ = {isa = PBXBuildFile; productRef = AF41A37229D645B2000CC40A /* FirebaseAuth */; };
		AF41A37529D645B2000CC40A /* FirebaseFirestore in Frameworks */ = {isa = PBXBuildFile; productRef = AF41A37429D645B2000CC40A /* FirebaseFirestore */; };
		AF41A37729D645B2000CC40A /* FirebaseStorage in Frameworks */ = {isa = PBXBuildFile; productRef = AF41A37629D645B2000CC40A /* FirebaseStorage */; };
		AF41A37929D648DB000CC40A /* MealDBViewController.swift in Sources */ = {isa = PBXBuildFile; fileRef = AF41A37829D648DB000CC40A /* MealDBViewController.swift */; };
		AF41A37B29D648F1000CC40A /* MealDBCollectionViewCell.swift in Sources */ = {isa = PBXBuildFile; fileRef = AF41A37A29D648F1000CC40A /* MealDBCollectionViewCell.swift */; };
		AF41A37F29D67057000CC40A /* UserCreatedCollectionViewCell.swift in Sources */ = {isa = PBXBuildFile; fileRef = AF41A37E29D67057000CC40A /* UserCreatedCollectionViewCell.swift */; };
		AF41A38129D671A2000CC40A /* IngredientsTableViewCell.swift in Sources */ = {isa = PBXBuildFile; fileRef = AF41A38029D671A2000CC40A /* IngredientsTableViewCell.swift */; };
		AF421BDA29F1D010002861D4 /* IngredientTableViewCellViewModel.swift in Sources */ = {isa = PBXBuildFile; fileRef = AF421BD929F1D010002861D4 /* IngredientTableViewCellViewModel.swift */; };
		AF42647A29DB3EC8004852E1 /* FirebaseService.swift in Sources */ = {isa = PBXBuildFile; fileRef = AF42647929DB3EC8004852E1 /* FirebaseService.swift */; };
		AF42647D29DB40A1004852E1 /* NetworkErrors.swift in Sources */ = {isa = PBXBuildFile; fileRef = AF42647C29DB40A1004852E1 /* NetworkErrors.swift */; };
		AF42647F29DB485A004852E1 /* APIService.swift in Sources */ = {isa = PBXBuildFile; fileRef = AF42647E29DB485A004852E1 /* APIService.swift */; };
		AF42648129DB4866004852E1 /* MealService.swift in Sources */ = {isa = PBXBuildFile; fileRef = AF42648029DB4866004852E1 /* MealService.swift */; };
		AF42648329DB7293004852E1 /* Meal.swift in Sources */ = {isa = PBXBuildFile; fileRef = AF42648229DB7293004852E1 /* Meal.swift */; };
		AFC1506E29D49134003A1699 /* AppDelegate.swift in Sources */ = {isa = PBXBuildFile; fileRef = AFC1506D29D49134003A1699 /* AppDelegate.swift */; };
		AFC1507029D49134003A1699 /* SceneDelegate.swift in Sources */ = {isa = PBXBuildFile; fileRef = AFC1506F29D49134003A1699 /* SceneDelegate.swift */; };
		AFC1507529D49134003A1699 /* Main.storyboard in Resources */ = {isa = PBXBuildFile; fileRef = AFC1507329D49134003A1699 /* Main.storyboard */; };
		AFC1507729D49135003A1699 /* Assets.xcassets in Resources */ = {isa = PBXBuildFile; fileRef = AFC1507629D49135003A1699 /* Assets.xcassets */; };
		AFC1507A29D49135003A1699 /* LaunchScreen.storyboard in Resources */ = {isa = PBXBuildFile; fileRef = AFC1507829D49135003A1699 /* LaunchScreen.storyboard */; };
		AFC1508329D4A156003A1699 /* MealDB.swift in Sources */ = {isa = PBXBuildFile; fileRef = AFC1508229D4A156003A1699 /* MealDB.swift */; };
		AFCA193229DC80C9006C9A67 /* Constants.swift in Sources */ = {isa = PBXBuildFile; fileRef = AFCA193129DC80C9006C9A67 /* Constants.swift */; };
		AFCA193429DCBAD6006C9A67 /* GoogleService-Info.plist in Resources */ = {isa = PBXBuildFile; fileRef = AFCA193329DCBAD6006C9A67 /* GoogleService-Info.plist */; };
		AFCA193A29DE3BE9006C9A67 /* ServiceRequestingImageView.swift in Sources */ = {isa = PBXBuildFile; fileRef = AFCA193929DE3BE9006C9A67 /* ServiceRequestingImageView.swift */; };
		AFCA193C29E47725006C9A67 /* MealDBIngredientsTableViewController.swift in Sources */ = {isa = PBXBuildFile; fileRef = AFCA193B29E47725006C9A67 /* MealDBIngredientsTableViewController.swift */; };
		AFCA194029E47C39006C9A67 /* MealDBIngredientsViewModel.swift in Sources */ = {isa = PBXBuildFile; fileRef = AFCA193F29E47C39006C9A67 /* MealDBIngredientsViewModel.swift */; };
		AFCA194229E49647006C9A67 /* MealDBCollectionViewCellViewModel.swift in Sources */ = {isa = PBXBuildFile; fileRef = AFCA194129E49647006C9A67 /* MealDBCollectionViewCellViewModel.swift */; };
		AFCA194429E4AC65006C9A67 /* MealDBInstructionsViewModel.swift in Sources */ = {isa = PBXBuildFile; fileRef = AFCA194329E4AC65006C9A67 /* MealDBInstructionsViewModel.swift */; };
		AFCA194A29E61445006C9A67 /* UserCreatedViewController.swift in Sources */ = {isa = PBXBuildFile; fileRef = AFCA194929E61445006C9A67 /* UserCreatedViewController.swift */; };
		AFCA194C29E70642006C9A67 /* UserIngredientsTableViewController.swift in Sources */ = {isa = PBXBuildFile; fileRef = AFCA194B29E70642006C9A67 /* UserIngredientsTableViewController.swift */; };
		AFCA195029E8705D006C9A67 /* MealDBToLoad.swift in Sources */ = {isa = PBXBuildFile; fileRef = AFCA194F29E8705D006C9A67 /* MealDBToLoad.swift */; };
		AFCA195429EDCACD006C9A67 /* UserRecipeInstructionsViewModel.swift in Sources */ = {isa = PBXBuildFile; fileRef = AFCA195329EDCACD006C9A67 /* UserRecipeInstructionsViewModel.swift */; };
		AFCA195629EDCAE8006C9A67 /* UserIngredientsViewModel.swift in Sources */ = {isa = PBXBuildFile; fileRef = AFCA195529EDCAE8006C9A67 /* UserIngredientsViewModel.swift */; };
/* End PBXBuildFile section */

/* Begin PBXFileReference section */
		AF41A33929D620BE000CC40A /* UserRecipe.swift */ = {isa = PBXFileReference; lastKnownFileType = sourcecode.swift; path = UserRecipe.swift; sourceTree = "<group>"; };
		AF41A33D29D632C5000CC40A /* SignInViewController.swift */ = {isa = PBXFileReference; lastKnownFileType = sourcecode.swift; path = SignInViewController.swift; sourceTree = "<group>"; };
		AF41A34129D63300000CC40A /* SignUpViewController.swift */ = {isa = PBXFileReference; lastKnownFileType = sourcecode.swift; path = SignUpViewController.swift; sourceTree = "<group>"; };
		AF41A34629D6338B000CC40A /* MealDBInstructionsViewController.swift */ = {isa = PBXFileReference; lastKnownFileType = sourcecode.swift; path = MealDBInstructionsViewController.swift; sourceTree = "<group>"; };
		AF41A35429D634E7000CC40A /* UserRecipeInstructionsViewController.swift */ = {isa = PBXFileReference; lastKnownFileType = sourcecode.swift; path = UserRecipeInstructionsViewController.swift; sourceTree = "<group>"; };
		AF41A35829D63513000CC40A /* CreateRecipeViewController.swift */ = {isa = PBXFileReference; lastKnownFileType = sourcecode.swift; path = CreateRecipeViewController.swift; sourceTree = "<group>"; };
		AF41A35C29D63C4F000CC40A /* SignInViewModel.swift */ = {isa = PBXFileReference; lastKnownFileType = sourcecode.swift; path = SignInViewModel.swift; sourceTree = "<group>"; };
		AF41A35E29D63C5A000CC40A /* SignUpViewModel.swift */ = {isa = PBXFileReference; lastKnownFileType = sourcecode.swift; path = SignUpViewModel.swift; sourceTree = "<group>"; };
		AF41A36629D63CEC000CC40A /* UserRecipesViewModel.swift */ = {isa = PBXFileReference; lastKnownFileType = sourcecode.swift; path = UserRecipesViewModel.swift; sourceTree = "<group>"; };
		AF41A36A29D63DED000CC40A /* MealDBViewModel.swift */ = {isa = PBXFileReference; lastKnownFileType = sourcecode.swift; path = MealDBViewModel.swift; sourceTree = "<group>"; };
		AF41A36D29D63E41000CC40A /* CreateRecipeViewModel.swift */ = {isa = PBXFileReference; lastKnownFileType = sourcecode.swift; path = CreateRecipeViewModel.swift; sourceTree = "<group>"; };
		AF41A37829D648DB000CC40A /* MealDBViewController.swift */ = {isa = PBXFileReference; lastKnownFileType = sourcecode.swift; path = MealDBViewController.swift; sourceTree = "<group>"; };
		AF41A37A29D648F1000CC40A /* MealDBCollectionViewCell.swift */ = {isa = PBXFileReference; lastKnownFileType = sourcecode.swift; path = MealDBCollectionViewCell.swift; sourceTree = "<group>"; };
		AF41A37E29D67057000CC40A /* UserCreatedCollectionViewCell.swift */ = {isa = PBXFileReference; lastKnownFileType = sourcecode.swift; path = UserCreatedCollectionViewCell.swift; sourceTree = "<group>"; };
		AF41A38029D671A2000CC40A /* IngredientsTableViewCell.swift */ = {isa = PBXFileReference; lastKnownFileType = sourcecode.swift; path = IngredientsTableViewCell.swift; sourceTree = "<group>"; };
		AF421BD929F1D010002861D4 /* IngredientTableViewCellViewModel.swift */ = {isa = PBXFileReference; fileEncoding = 4; lastKnownFileType = sourcecode.swift; path = IngredientTableViewCellViewModel.swift; sourceTree = "<group>"; };
		AF421BDB29F1E766002861D4 /* Recipe Book.entitlements */ = {isa = PBXFileReference; lastKnownFileType = text.plist.entitlements; path = "Recipe Book.entitlements"; sourceTree = "<group>"; };
		AF42647929DB3EC8004852E1 /* FirebaseService.swift */ = {isa = PBXFileReference; lastKnownFileType = sourcecode.swift; path = FirebaseService.swift; sourceTree = "<group>"; };
		AF42647C29DB40A1004852E1 /* NetworkErrors.swift */ = {isa = PBXFileReference; lastKnownFileType = sourcecode.swift; path = NetworkErrors.swift; sourceTree = "<group>"; };
		AF42647E29DB485A004852E1 /* APIService.swift */ = {isa = PBXFileReference; lastKnownFileType = sourcecode.swift; path = APIService.swift; sourceTree = "<group>"; };
		AF42648029DB4866004852E1 /* MealService.swift */ = {isa = PBXFileReference; lastKnownFileType = sourcecode.swift; path = MealService.swift; sourceTree = "<group>"; };
		AF42648229DB7293004852E1 /* Meal.swift */ = {isa = PBXFileReference; lastKnownFileType = sourcecode.swift; path = Meal.swift; sourceTree = "<group>"; };
		AFC1506A29D49134003A1699 /* Recipe Book.app */ = {isa = PBXFileReference; explicitFileType = wrapper.application; includeInIndex = 0; path = "Recipe Book.app"; sourceTree = BUILT_PRODUCTS_DIR; };
		AFC1506D29D49134003A1699 /* AppDelegate.swift */ = {isa = PBXFileReference; lastKnownFileType = sourcecode.swift; path = AppDelegate.swift; sourceTree = "<group>"; };
		AFC1506F29D49134003A1699 /* SceneDelegate.swift */ = {isa = PBXFileReference; lastKnownFileType = sourcecode.swift; path = SceneDelegate.swift; sourceTree = "<group>"; };
		AFC1507429D49134003A1699 /* Base */ = {isa = PBXFileReference; lastKnownFileType = file.storyboard; name = Base; path = Base.lproj/Main.storyboard; sourceTree = "<group>"; };
		AFC1507629D49135003A1699 /* Assets.xcassets */ = {isa = PBXFileReference; lastKnownFileType = folder.assetcatalog; path = Assets.xcassets; sourceTree = "<group>"; };
		AFC1507929D49135003A1699 /* Base */ = {isa = PBXFileReference; lastKnownFileType = file.storyboard; name = Base; path = Base.lproj/LaunchScreen.storyboard; sourceTree = "<group>"; };
		AFC1507B29D49135003A1699 /* Info.plist */ = {isa = PBXFileReference; lastKnownFileType = text.plist.xml; path = Info.plist; sourceTree = "<group>"; };
		AFC1508229D4A156003A1699 /* MealDB.swift */ = {isa = PBXFileReference; lastKnownFileType = sourcecode.swift; path = MealDB.swift; sourceTree = "<group>"; };
		AFCA193129DC80C9006C9A67 /* Constants.swift */ = {isa = PBXFileReference; lastKnownFileType = sourcecode.swift; path = Constants.swift; sourceTree = "<group>"; };
		AFCA193329DCBAD6006C9A67 /* GoogleService-Info.plist */ = {isa = PBXFileReference; fileEncoding = 4; lastKnownFileType = text.plist.xml; name = "GoogleService-Info.plist"; path = "../GoogleService-Info.plist"; sourceTree = "<group>"; };
		AFCA193929DE3BE9006C9A67 /* ServiceRequestingImageView.swift */ = {isa = PBXFileReference; lastKnownFileType = sourcecode.swift; path = ServiceRequestingImageView.swift; sourceTree = "<group>"; };
		AFCA193B29E47725006C9A67 /* MealDBIngredientsTableViewController.swift */ = {isa = PBXFileReference; lastKnownFileType = sourcecode.swift; path = MealDBIngredientsTableViewController.swift; sourceTree = "<group>"; };
		AFCA193F29E47C39006C9A67 /* MealDBIngredientsViewModel.swift */ = {isa = PBXFileReference; lastKnownFileType = sourcecode.swift; path = MealDBIngredientsViewModel.swift; sourceTree = "<group>"; };
		AFCA194129E49647006C9A67 /* MealDBCollectionViewCellViewModel.swift */ = {isa = PBXFileReference; lastKnownFileType = sourcecode.swift; path = MealDBCollectionViewCellViewModel.swift; sourceTree = "<group>"; };
		AFCA194329E4AC65006C9A67 /* MealDBInstructionsViewModel.swift */ = {isa = PBXFileReference; lastKnownFileType = sourcecode.swift; path = MealDBInstructionsViewModel.swift; sourceTree = "<group>"; };
		AFCA194929E61445006C9A67 /* UserCreatedViewController.swift */ = {isa = PBXFileReference; lastKnownFileType = sourcecode.swift; path = UserCreatedViewController.swift; sourceTree = "<group>"; };
		AFCA194B29E70642006C9A67 /* UserIngredientsTableViewController.swift */ = {isa = PBXFileReference; lastKnownFileType = sourcecode.swift; path = UserIngredientsTableViewController.swift; sourceTree = "<group>"; };
		AFCA194F29E8705D006C9A67 /* MealDBToLoad.swift */ = {isa = PBXFileReference; lastKnownFileType = sourcecode.swift; path = MealDBToLoad.swift; sourceTree = "<group>"; };
		AFCA195329EDCACD006C9A67 /* UserRecipeInstructionsViewModel.swift */ = {isa = PBXFileReference; lastKnownFileType = sourcecode.swift; path = UserRecipeInstructionsViewModel.swift; sourceTree = "<group>"; };
		AFCA195529EDCAE8006C9A67 /* UserIngredientsViewModel.swift */ = {isa = PBXFileReference; lastKnownFileType = sourcecode.swift; path = UserIngredientsViewModel.swift; sourceTree = "<group>"; };
/* End PBXFileReference section */

/* Begin PBXFrameworksBuildPhase section */
		AFC1506729D49134003A1699 /* Frameworks */ = {
			isa = PBXFrameworksBuildPhase;
			buildActionMask = 2147483647;
			files = (
				AF41A37329D645B2000CC40A /* FirebaseAuth in Frameworks */,
				AF41A37529D645B2000CC40A /* FirebaseFirestore in Frameworks */,
				AF41A37729D645B2000CC40A /* FirebaseStorage in Frameworks */,
			);
			runOnlyForDeploymentPostprocessing = 0;
		};
/* End PBXFrameworksBuildPhase section */

/* Begin PBXGroup section */
		AF41A33B29D62597000CC40A /* Storyboard */ = {
			isa = PBXGroup;
			children = (
				AFC1507329D49134003A1699 /* Main.storyboard */,
				AFC1507829D49135003A1699 /* LaunchScreen.storyboard */,
			);
			path = Storyboard;
			sourceTree = "<group>";
		};
		AF41A33C29D625C3000CC40A /* Supporting Files */ = {
			isa = PBXGroup;
			children = (
				AFC1506D29D49134003A1699 /* AppDelegate.swift */,
				AFC1506F29D49134003A1699 /* SceneDelegate.swift */,
				AFC1507629D49135003A1699 /* Assets.xcassets */,
				AFC1507B29D49135003A1699 /* Info.plist */,
			);
			path = "Supporting Files";
			sourceTree = "<group>";
		};
		AF41A33F29D632CC000CC40A /* Views */ = {
			isa = PBXGroup;
			children = (
				AF41A34029D632E0000CC40A /* User */,
				AF41A34529D6332B000CC40A /* MealDB Tab */,
				AF41A35329D634C3000CC40A /* User Created Tab */,
			);
			path = Views;
			sourceTree = "<group>";
		};
		AF41A34029D632E0000CC40A /* User */ = {
			isa = PBXGroup;
			children = (
				AF41A35B29D63C40000CC40A /* Sign In */,
				AF41A36029D63C5F000CC40A /* Create Account */,
			);
			path = User;
			sourceTree = "<group>";
		};
		AF41A34529D6332B000CC40A /* MealDB Tab */ = {
			isa = PBXGroup;
			children = (
				AF41A36929D63D06000CC40A /* Collection View */,
				AF41A36C29D63E1D000CC40A /* MealDB Pop-ups */,
			);
			path = "MealDB Tab";
			sourceTree = "<group>";
		};
		AF41A35329D634C3000CC40A /* User Created Tab */ = {
			isa = PBXGroup;
			children = (
				AF41A36529D63CDE000CC40A /* Collection View */,
				AF41A36829D63CF3000CC40A /* User Recipe Pop-ups */,
				AF41A35A29D63516000CC40A /* CreateRecipe */,
			);
			path = "User Created Tab";
			sourceTree = "<group>";
		};
		AF41A35A29D63516000CC40A /* CreateRecipe */ = {
			isa = PBXGroup;
			children = (
				AF41A36D29D63E41000CC40A /* CreateRecipeViewModel.swift */,
				AF41A38029D671A2000CC40A /* IngredientsTableViewCell.swift */,
				AF41A35829D63513000CC40A /* CreateRecipeViewController.swift */,
				AF421BD929F1D010002861D4 /* IngredientTableViewCellViewModel.swift */,
			);
			path = CreateRecipe;
			sourceTree = "<group>";
		};
		AF41A35B29D63C40000CC40A /* Sign In */ = {
			isa = PBXGroup;
			children = (
				AF41A35C29D63C4F000CC40A /* SignInViewModel.swift */,
				AF41A33D29D632C5000CC40A /* SignInViewController.swift */,
			);
			path = "Sign In";
			sourceTree = "<group>";
		};
		AF41A36029D63C5F000CC40A /* Create Account */ = {
			isa = PBXGroup;
			children = (
				AF41A35E29D63C5A000CC40A /* SignUpViewModel.swift */,
				AF41A34129D63300000CC40A /* SignUpViewController.swift */,
			);
			path = "Create Account";
			sourceTree = "<group>";
		};
		AF41A36529D63CDE000CC40A /* Collection View */ = {
			isa = PBXGroup;
			children = (
				AF41A36629D63CEC000CC40A /* UserRecipesViewModel.swift */,
				AFCA194929E61445006C9A67 /* UserCreatedViewController.swift */,
				AF41A37E29D67057000CC40A /* UserCreatedCollectionViewCell.swift */,
			);
			path = "Collection View";
			sourceTree = "<group>";
		};
		AF41A36829D63CF3000CC40A /* User Recipe Pop-ups */ = {
			isa = PBXGroup;
			children = (
				AFCA195529EDCAE8006C9A67 /* UserIngredientsViewModel.swift */,
				AFCA195329EDCACD006C9A67 /* UserRecipeInstructionsViewModel.swift */,
				AFCA194B29E70642006C9A67 /* UserIngredientsTableViewController.swift */,
				AF41A35429D634E7000CC40A /* UserRecipeInstructionsViewController.swift */,
			);
			path = "User Recipe Pop-ups";
			sourceTree = "<group>";
		};
		AF41A36929D63D06000CC40A /* Collection View */ = {
			isa = PBXGroup;
			children = (
				AF41A36A29D63DED000CC40A /* MealDBViewModel.swift */,
				AF41A37829D648DB000CC40A /* MealDBViewController.swift */,
				AF41A37A29D648F1000CC40A /* MealDBCollectionViewCell.swift */,
				AFCA194129E49647006C9A67 /* MealDBCollectionViewCellViewModel.swift */,
			);
			path = "Collection View";
			sourceTree = "<group>";
		};
		AF41A36C29D63E1D000CC40A /* MealDB Pop-ups */ = {
			isa = PBXGroup;
			children = (
				AFCA193F29E47C39006C9A67 /* MealDBIngredientsViewModel.swift */,
				AFCA194329E4AC65006C9A67 /* MealDBInstructionsViewModel.swift */,
				AF41A34629D6338B000CC40A /* MealDBInstructionsViewController.swift */,
				AFCA193B29E47725006C9A67 /* MealDBIngredientsTableViewController.swift */,
			);
			path = "MealDB Pop-ups";
			sourceTree = "<group>";
		};
		AF42647B29DB3ECE004852E1 /* Helper Files */ = {
			isa = PBXGroup;
			children = (
				AFCA193129DC80C9006C9A67 /* Constants.swift */,
				AF42647E29DB485A004852E1 /* APIService.swift */,
				AF42648029DB4866004852E1 /* MealService.swift */,
				AF42647C29DB40A1004852E1 /* NetworkErrors.swift */,
				AF42647929DB3EC8004852E1 /* FirebaseService.swift */,
				AFCA193929DE3BE9006C9A67 /* ServiceRequestingImageView.swift */,
			);
			path = "Helper Files";
			sourceTree = "<group>";
		};
		AFC1506129D49134003A1699 = {
			isa = PBXGroup;
			children = (
				AFC1506C29D49134003A1699 /* Recipe Book */,
				AFC1506B29D49134003A1699 /* Products */,
			);
			sourceTree = "<group>";
		};
		AFC1506B29D49134003A1699 /* Products */ = {
			isa = PBXGroup;
			children = (
				AFC1506A29D49134003A1699 /* Recipe Book.app */,
			);
			name = Products;
			sourceTree = "<group>";
		};
		AFC1506C29D49134003A1699 /* Recipe Book */ = {
			isa = PBXGroup;
			children = (
				AF421BDB29F1E766002861D4 /* Recipe Book.entitlements */,
				AFCA193329DCBAD6006C9A67 /* GoogleService-Info.plist */,
				AF41A33C29D625C3000CC40A /* Supporting Files */,
				AF42647B29DB3ECE004852E1 /* Helper Files */,
				AF41A33B29D62597000CC40A /* Storyboard */,
				AFC1508129D4A146003A1699 /* Models */,
				AF41A33F29D632CC000CC40A /* Views */,
			);
			path = "Recipe Book";
			sourceTree = "<group>";
		};
		AFC1508129D4A146003A1699 /* Models */ = {
			isa = PBXGroup;
			children = (
				AF42648229DB7293004852E1 /* Meal.swift */,
				AF41A33929D620BE000CC40A /* UserRecipe.swift */,
				AFC1508229D4A156003A1699 /* MealDB.swift */,
				AFCA194F29E8705D006C9A67 /* MealDBToLoad.swift */,
			);
			path = Models;
			sourceTree = "<group>";
		};
/* End PBXGroup section */

/* Begin PBXNativeTarget section */
		AFC1506929D49134003A1699 /* Recipe Book */ = {
			isa = PBXNativeTarget;
			buildConfigurationList = AFC1507E29D49135003A1699 /* Build configuration list for PBXNativeTarget "Recipe Book" */;
			buildPhases = (
				AFC1506629D49134003A1699 /* Sources */,
				AFC1506729D49134003A1699 /* Frameworks */,
				AFC1506829D49134003A1699 /* Resources */,
			);
			buildRules = (
			);
			dependencies = (
			);
			name = "Recipe Book";
			packageProductDependencies = (
				AF41A37229D645B2000CC40A /* FirebaseAuth */,
				AF41A37429D645B2000CC40A /* FirebaseFirestore */,
				AF41A37629D645B2000CC40A /* FirebaseStorage */,
			);
			productName = "Recipe Book";
			productReference = AFC1506A29D49134003A1699 /* Recipe Book.app */;
			productType = "com.apple.product-type.application";
		};
/* End PBXNativeTarget section */

/* Begin PBXProject section */
		AFC1506229D49134003A1699 /* Project object */ = {
			isa = PBXProject;
			attributes = {
				BuildIndependentTargetsInParallel = 1;
				LastSwiftUpdateCheck = 1420;
				LastUpgradeCheck = 1420;
				TargetAttributes = {
					AFC1506929D49134003A1699 = {
						CreatedOnToolsVersion = 14.2;
					};
				};
			};
			buildConfigurationList = AFC1506529D49134003A1699 /* Build configuration list for PBXProject "Recipe Book" */;
			compatibilityVersion = "Xcode 14.0";
			developmentRegion = en;
			hasScannedForEncodings = 0;
			knownRegions = (
				en,
				Base,
			);
			mainGroup = AFC1506129D49134003A1699;
			packageReferences = (
				AF41A37129D645B2000CC40A /* XCRemoteSwiftPackageReference "firebase-ios-sdk" */,
			);
			productRefGroup = AFC1506B29D49134003A1699 /* Products */;
			projectDirPath = "";
			projectRoot = "";
			targets = (
				AFC1506929D49134003A1699 /* Recipe Book */,
			);
		};
/* End PBXProject section */

/* Begin PBXResourcesBuildPhase section */
		AFC1506829D49134003A1699 /* Resources */ = {
			isa = PBXResourcesBuildPhase;
			buildActionMask = 2147483647;
			files = (
				AFC1507A29D49135003A1699 /* LaunchScreen.storyboard in Resources */,
				AFCA193429DCBAD6006C9A67 /* GoogleService-Info.plist in Resources */,
				AFC1507729D49135003A1699 /* Assets.xcassets in Resources */,
				AFC1507529D49134003A1699 /* Main.storyboard in Resources */,
			);
			runOnlyForDeploymentPostprocessing = 0;
		};
/* End PBXResourcesBuildPhase section */

/* Begin PBXSourcesBuildPhase section */
		AFC1506629D49134003A1699 /* Sources */ = {
			isa = PBXSourcesBuildPhase;
			buildActionMask = 2147483647;
			files = (
				AF41A34229D63300000CC40A /* SignUpViewController.swift in Sources */,
				AF41A36B29D63DED000CC40A /* MealDBViewModel.swift in Sources */,
				AF42647F29DB485A004852E1 /* APIService.swift in Sources */,
				AFC1508329D4A156003A1699 /* MealDB.swift in Sources */,
				AFCA195429EDCACD006C9A67 /* UserRecipeInstructionsViewModel.swift in Sources */,
				AF41A35529D634E7000CC40A /* UserRecipeInstructionsViewController.swift in Sources */,
				AF41A37B29D648F1000CC40A /* MealDBCollectionViewCell.swift in Sources */,
				AFCA193229DC80C9006C9A67 /* Constants.swift in Sources */,
				AF42648329DB7293004852E1 /* Meal.swift in Sources */,
				AF42648129DB4866004852E1 /* MealService.swift in Sources */,
				AFCA194429E4AC65006C9A67 /* MealDBInstructionsViewModel.swift in Sources */,
				AF41A35F29D63C5A000CC40A /* SignUpViewModel.swift in Sources */,
				AFCA193A29DE3BE9006C9A67 /* ServiceRequestingImageView.swift in Sources */,
				AFCA194229E49647006C9A67 /* MealDBCollectionViewCellViewModel.swift in Sources */,
				AF41A34729D6338B000CC40A /* MealDBInstructionsViewController.swift in Sources */,
				AFCA194C29E70642006C9A67 /* UserIngredientsTableViewController.swift in Sources */,
				AFC1506E29D49134003A1699 /* AppDelegate.swift in Sources */,
				AF421BDA29F1D010002861D4 /* IngredientTableViewCellViewModel.swift in Sources */,
				AFCA193C29E47725006C9A67 /* MealDBIngredientsTableViewController.swift in Sources */,
				AFCA194A29E61445006C9A67 /* UserCreatedViewController.swift in Sources */,
				AF41A33A29D620BE000CC40A /* UserRecipe.swift in Sources */,
				AF42647A29DB3EC8004852E1 /* FirebaseService.swift in Sources */,
				AF41A35D29D63C4F000CC40A /* SignInViewModel.swift in Sources */,
				AFCA195029E8705D006C9A67 /* MealDBToLoad.swift in Sources */,
				AF41A33E29D632C5000CC40A /* SignInViewController.swift in Sources */,
				AF42647D29DB40A1004852E1 /* NetworkErrors.swift in Sources */,
				AF41A35929D63513000CC40A /* CreateRecipeViewController.swift in Sources */,
				AF41A37929D648DB000CC40A /* MealDBViewController.swift in Sources */,
				AFC1507029D49134003A1699 /* SceneDelegate.swift in Sources */,
				AF41A38129D671A2000CC40A /* IngredientsTableViewCell.swift in Sources */,
				AF41A36E29D63E41000CC40A /* CreateRecipeViewModel.swift in Sources */,
				AF41A36729D63CEC000CC40A /* UserRecipesViewModel.swift in Sources */,
				AFCA195629EDCAE8006C9A67 /* UserIngredientsViewModel.swift in Sources */,
				AFCA194029E47C39006C9A67 /* MealDBIngredientsViewModel.swift in Sources */,
				AF41A37F29D67057000CC40A /* UserCreatedCollectionViewCell.swift in Sources */,
			);
			runOnlyForDeploymentPostprocessing = 0;
		};
/* End PBXSourcesBuildPhase section */

/* Begin PBXVariantGroup section */
		AFC1507329D49134003A1699 /* Main.storyboard */ = {
			isa = PBXVariantGroup;
			children = (
				AFC1507429D49134003A1699 /* Base */,
			);
			name = Main.storyboard;
			sourceTree = "<group>";
		};
		AFC1507829D49135003A1699 /* LaunchScreen.storyboard */ = {
			isa = PBXVariantGroup;
			children = (
				AFC1507929D49135003A1699 /* Base */,
			);
			name = LaunchScreen.storyboard;
			sourceTree = "<group>";
		};
/* End PBXVariantGroup section */

/* Begin XCBuildConfiguration section */
		AFC1507C29D49135003A1699 /* Debug */ = {
			isa = XCBuildConfiguration;
			buildSettings = {
				ALWAYS_SEARCH_USER_PATHS = NO;
				CLANG_ANALYZER_NONNULL = YES;
				CLANG_ANALYZER_NUMBER_OBJECT_CONVERSION = YES_AGGRESSIVE;
				CLANG_CXX_LANGUAGE_STANDARD = "gnu++20";
				CLANG_ENABLE_MODULES = YES;
				CLANG_ENABLE_OBJC_ARC = YES;
				CLANG_ENABLE_OBJC_WEAK = YES;
				CLANG_WARN_BLOCK_CAPTURE_AUTORELEASING = YES;
				CLANG_WARN_BOOL_CONVERSION = YES;
				CLANG_WARN_COMMA = YES;
				CLANG_WARN_CONSTANT_CONVERSION = YES;
				CLANG_WARN_DEPRECATED_OBJC_IMPLEMENTATIONS = YES;
				CLANG_WARN_DIRECT_OBJC_ISA_USAGE = YES_ERROR;
				CLANG_WARN_DOCUMENTATION_COMMENTS = YES;
				CLANG_WARN_EMPTY_BODY = YES;
				CLANG_WARN_ENUM_CONVERSION = YES;
				CLANG_WARN_INFINITE_RECURSION = YES;
				CLANG_WARN_INT_CONVERSION = YES;
				CLANG_WARN_NON_LITERAL_NULL_CONVERSION = YES;
				CLANG_WARN_OBJC_IMPLICIT_RETAIN_SELF = YES;
				CLANG_WARN_OBJC_LITERAL_CONVERSION = YES;
				CLANG_WARN_OBJC_ROOT_CLASS = YES_ERROR;
				CLANG_WARN_QUOTED_INCLUDE_IN_FRAMEWORK_HEADER = YES;
				CLANG_WARN_RANGE_LOOP_ANALYSIS = YES;
				CLANG_WARN_STRICT_PROTOTYPES = YES;
				CLANG_WARN_SUSPICIOUS_MOVE = YES;
				CLANG_WARN_UNGUARDED_AVAILABILITY = YES_AGGRESSIVE;
				CLANG_WARN_UNREACHABLE_CODE = YES;
				CLANG_WARN__DUPLICATE_METHOD_MATCH = YES;
				COPY_PHASE_STRIP = NO;
				DEBUG_INFORMATION_FORMAT = dwarf;
				ENABLE_STRICT_OBJC_MSGSEND = YES;
				ENABLE_TESTABILITY = YES;
				GCC_C_LANGUAGE_STANDARD = gnu11;
				GCC_DYNAMIC_NO_PIC = NO;
				GCC_NO_COMMON_BLOCKS = YES;
				GCC_OPTIMIZATION_LEVEL = 0;
				GCC_PREPROCESSOR_DEFINITIONS = (
					"DEBUG=1",
					"$(inherited)",
				);
				GCC_WARN_64_TO_32_BIT_CONVERSION = YES;
				GCC_WARN_ABOUT_RETURN_TYPE = YES_ERROR;
				GCC_WARN_UNDECLARED_SELECTOR = YES;
				GCC_WARN_UNINITIALIZED_AUTOS = YES_AGGRESSIVE;
				GCC_WARN_UNUSED_FUNCTION = YES;
				GCC_WARN_UNUSED_VARIABLE = YES;
				IPHONEOS_DEPLOYMENT_TARGET = 16.2;
				MTL_ENABLE_DEBUG_INFO = INCLUDE_SOURCE;
				MTL_FAST_MATH = YES;
				ONLY_ACTIVE_ARCH = YES;
				SDKROOT = iphoneos;
				SWIFT_ACTIVE_COMPILATION_CONDITIONS = DEBUG;
				SWIFT_OPTIMIZATION_LEVEL = "-Onone";
			};
			name = Debug;
		};
		AFC1507D29D49135003A1699 /* Release */ = {
			isa = XCBuildConfiguration;
			buildSettings = {
				ALWAYS_SEARCH_USER_PATHS = NO;
				CLANG_ANALYZER_NONNULL = YES;
				CLANG_ANALYZER_NUMBER_OBJECT_CONVERSION = YES_AGGRESSIVE;
				CLANG_CXX_LANGUAGE_STANDARD = "gnu++20";
				CLANG_ENABLE_MODULES = YES;
				CLANG_ENABLE_OBJC_ARC = YES;
				CLANG_ENABLE_OBJC_WEAK = YES;
				CLANG_WARN_BLOCK_CAPTURE_AUTORELEASING = YES;
				CLANG_WARN_BOOL_CONVERSION = YES;
				CLANG_WARN_COMMA = YES;
				CLANG_WARN_CONSTANT_CONVERSION = YES;
				CLANG_WARN_DEPRECATED_OBJC_IMPLEMENTATIONS = YES;
				CLANG_WARN_DIRECT_OBJC_ISA_USAGE = YES_ERROR;
				CLANG_WARN_DOCUMENTATION_COMMENTS = YES;
				CLANG_WARN_EMPTY_BODY = YES;
				CLANG_WARN_ENUM_CONVERSION = YES;
				CLANG_WARN_INFINITE_RECURSION = YES;
				CLANG_WARN_INT_CONVERSION = YES;
				CLANG_WARN_NON_LITERAL_NULL_CONVERSION = YES;
				CLANG_WARN_OBJC_IMPLICIT_RETAIN_SELF = YES;
				CLANG_WARN_OBJC_LITERAL_CONVERSION = YES;
				CLANG_WARN_OBJC_ROOT_CLASS = YES_ERROR;
				CLANG_WARN_QUOTED_INCLUDE_IN_FRAMEWORK_HEADER = YES;
				CLANG_WARN_RANGE_LOOP_ANALYSIS = YES;
				CLANG_WARN_STRICT_PROTOTYPES = YES;
				CLANG_WARN_SUSPICIOUS_MOVE = YES;
				CLANG_WARN_UNGUARDED_AVAILABILITY = YES_AGGRESSIVE;
				CLANG_WARN_UNREACHABLE_CODE = YES;
				CLANG_WARN__DUPLICATE_METHOD_MATCH = YES;
				COPY_PHASE_STRIP = NO;
				DEBUG_INFORMATION_FORMAT = "dwarf-with-dsym";
				ENABLE_NS_ASSERTIONS = NO;
				ENABLE_STRICT_OBJC_MSGSEND = YES;
				GCC_C_LANGUAGE_STANDARD = gnu11;
				GCC_NO_COMMON_BLOCKS = YES;
				GCC_WARN_64_TO_32_BIT_CONVERSION = YES;
				GCC_WARN_ABOUT_RETURN_TYPE = YES_ERROR;
				GCC_WARN_UNDECLARED_SELECTOR = YES;
				GCC_WARN_UNINITIALIZED_AUTOS = YES_AGGRESSIVE;
				GCC_WARN_UNUSED_FUNCTION = YES;
				GCC_WARN_UNUSED_VARIABLE = YES;
				IPHONEOS_DEPLOYMENT_TARGET = 16.2;
				MTL_ENABLE_DEBUG_INFO = NO;
				MTL_FAST_MATH = YES;
				SDKROOT = iphoneos;
				SWIFT_COMPILATION_MODE = wholemodule;
				SWIFT_OPTIMIZATION_LEVEL = "-O";
				VALIDATE_PRODUCT = YES;
			};
			name = Release;
		};
		AFC1507F29D49135003A1699 /* Debug */ = {
			isa = XCBuildConfiguration;
			buildSettings = {
				ASSETCATALOG_COMPILER_APPICON_NAME = AppIcon;
				ASSETCATALOG_COMPILER_GLOBAL_ACCENT_COLOR_NAME = AccentColor;
				CODE_SIGN_ENTITLEMENTS = "Recipe Book/Recipe Book.entitlements";
				CODE_SIGN_STYLE = Automatic;
				CURRENT_PROJECT_VERSION = 1;
				GENERATE_INFOPLIST_FILE = YES;
				INFOPLIST_FILE = "Recipe Book/Supporting Files/Info.plist";
				INFOPLIST_KEY_UIApplicationSupportsIndirectInputEvents = YES;
				INFOPLIST_KEY_UILaunchStoryboardName = LaunchScreen;
				INFOPLIST_KEY_UIMainStoryboardFile = Main;
				INFOPLIST_KEY_UISupportedInterfaceOrientations = "UIInterfaceOrientationLandscapeLeft UIInterfaceOrientationLandscapeRight UIInterfaceOrientationPortrait";
				INFOPLIST_KEY_UISupportedInterfaceOrientations_iPad = "UIInterfaceOrientationLandscapeLeft UIInterfaceOrientationLandscapeRight UIInterfaceOrientationPortrait UIInterfaceOrientationPortraitUpsideDown";
				LD_RUNPATH_SEARCH_PATHS = (
					"$(inherited)",
					"@executable_path/Frameworks",
				);
				MARKETING_VERSION = 1.0;
				PRODUCT_BUNDLE_IDENTIFIER = "BlakHawk-Productions.Recipe-Book";
				PRODUCT_NAME = "$(TARGET_NAME)";
				SWIFT_EMIT_LOC_STRINGS = YES;
				SWIFT_VERSION = 5.0;
				TARGETED_DEVICE_FAMILY = "1,2";
			};
			name = Debug;
		};
		AFC1508029D49135003A1699 /* Release */ = {
			isa = XCBuildConfiguration;
			buildSettings = {
				ASSETCATALOG_COMPILER_APPICON_NAME = AppIcon;
				ASSETCATALOG_COMPILER_GLOBAL_ACCENT_COLOR_NAME = AccentColor;
				CODE_SIGN_ENTITLEMENTS = "Recipe Book/Recipe Book.entitlements";
				CODE_SIGN_STYLE = Automatic;
				CURRENT_PROJECT_VERSION = 1;
				GENERATE_INFOPLIST_FILE = YES;
				INFOPLIST_FILE = "Recipe Book/Supporting Files/Info.plist";
				INFOPLIST_KEY_UIApplicationSupportsIndirectInputEvents = YES;
				INFOPLIST_KEY_UILaunchStoryboardName = LaunchScreen;
				INFOPLIST_KEY_UIMainStoryboardFile = Main;
				INFOPLIST_KEY_UISupportedInterfaceOrientations = "UIInterfaceOrientationLandscapeLeft UIInterfaceOrientationLandscapeRight UIInterfaceOrientationPortrait";
				INFOPLIST_KEY_UISupportedInterfaceOrientations_iPad = "UIInterfaceOrientationLandscapeLeft UIInterfaceOrientationLandscapeRight UIInterfaceOrientationPortrait UIInterfaceOrientationPortraitUpsideDown";
				LD_RUNPATH_SEARCH_PATHS = (
					"$(inherited)",
					"@executable_path/Frameworks",
				);
				MARKETING_VERSION = 1.0;
				PRODUCT_BUNDLE_IDENTIFIER = "BlakHawk-Productions.Recipe-Book";
				PRODUCT_NAME = "$(TARGET_NAME)";
				SWIFT_EMIT_LOC_STRINGS = YES;
				SWIFT_VERSION = 5.0;
				TARGETED_DEVICE_FAMILY = "1,2";
			};
			name = Release;
		};
/* End XCBuildConfiguration section */

/* Begin XCConfigurationList section */
		AFC1506529D49134003A1699 /* Build configuration list for PBXProject "Recipe Book" */ = {
			isa = XCConfigurationList;
			buildConfigurations = (
				AFC1507C29D49135003A1699 /* Debug */,
				AFC1507D29D49135003A1699 /* Release */,
			);
			defaultConfigurationIsVisible = 0;
			defaultConfigurationName = Release;
		};
		AFC1507E29D49135003A1699 /* Build configuration list for PBXNativeTarget "Recipe Book" */ = {
			isa = XCConfigurationList;
			buildConfigurations = (
				AFC1507F29D49135003A1699 /* Debug */,
				AFC1508029D49135003A1699 /* Release */,
			);
			defaultConfigurationIsVisible = 0;
			defaultConfigurationName = Release;
		};
/* End XCConfigurationList section */

/* Begin XCRemoteSwiftPackageReference section */
		AF41A37129D645B2000CC40A /* XCRemoteSwiftPackageReference "firebase-ios-sdk" */ = {
			isa = XCRemoteSwiftPackageReference;
			repositoryURL = "https://github.com/firebase/firebase-ios-sdk";
			requirement = {
				branch = master;
				kind = branch;
			};
		};
/* End XCRemoteSwiftPackageReference section */

/* Begin XCSwiftPackageProductDependency section */
		AF41A37229D645B2000CC40A /* FirebaseAuth */ = {
			isa = XCSwiftPackageProductDependency;
			package = AF41A37129D645B2000CC40A /* XCRemoteSwiftPackageReference "firebase-ios-sdk" */;
			productName = FirebaseAuth;
		};
		AF41A37429D645B2000CC40A /* FirebaseFirestore */ = {
			isa = XCSwiftPackageProductDependency;
			package = AF41A37129D645B2000CC40A /* XCRemoteSwiftPackageReference "firebase-ios-sdk" */;
			productName = FirebaseFirestore;
		};
		AF41A37629D645B2000CC40A /* FirebaseStorage */ = {
			isa = XCSwiftPackageProductDependency;
			package = AF41A37129D645B2000CC40A /* XCRemoteSwiftPackageReference "firebase-ios-sdk" */;
			productName = FirebaseStorage;
		};
/* End XCSwiftPackageProductDependency section */
	};
	rootObject = AFC1506229D49134003A1699 /* Project object */;
}
